// !$*UTF8*$!
{
	archiveVersion = 1;
	classes = {
	};
	objectVersion = 46;
	objects = {

/* Begin PBXBuildFile section */
		4C88DFB81D93602000F26F5F /* AppDelegate.swift in Sources */ = {isa = PBXBuildFile; fileRef = 4C88DFB71D93602000F26F5F /* AppDelegate.swift */; };
		4C88DFBA1D93602000F26F5F /* ViewController.swift in Sources */ = {isa = PBXBuildFile; fileRef = 4C88DFB91D93602000F26F5F /* ViewController.swift */; };
		4C88DFBD1D93602000F26F5F /* Main.storyboard in Resources */ = {isa = PBXBuildFile; fileRef = 4C88DFBB1D93602000F26F5F /* Main.storyboard */; };
		4C88DFBF1D93602100F26F5F /* Assets.xcassets in Resources */ = {isa = PBXBuildFile; fileRef = 4C88DFBE1D93602100F26F5F /* Assets.xcassets */; };
		4C88DFC21D93602100F26F5F /* LaunchScreen.storyboard in Resources */ = {isa = PBXBuildFile; fileRef = 4C88DFC01D93602100F26F5F /* LaunchScreen.storyboard */; };
		4C88DFCD1D93602100F26F5F /* tippedTests.swift in Sources */ = {isa = PBXBuildFile; fileRef = 4C88DFCC1D93602100F26F5F /* tippedTests.swift */; };
		4C88DFD81D93602100F26F5F /* tippedUITests.swift in Sources */ = {isa = PBXBuildFile; fileRef = 4C88DFD71D93602100F26F5F /* tippedUITests.swift */; };
		4CBC36261D9DDEB800084A51 /* Icon-60@3x.png in Resources */ = {isa = PBXBuildFile; fileRef = 4CBC36251D9DDEB800084A51 /* Icon-60@3x.png */; };
		4CBC36291D9E0FED00084A51 /* SettingsViewController.swift in Sources */ = {isa = PBXBuildFile; fileRef = 4CBC36281D9E0FED00084A51 /* SettingsViewController.swift */; };
/* End PBXBuildFile section */

/* Begin PBXContainerItemProxy section */
		4C88DFC91D93602100F26F5F /* PBXContainerItemProxy */ = {
			isa = PBXContainerItemProxy;
			containerPortal = 4C88DFAC1D93602000F26F5F /* Project object */;
			proxyType = 1;
			remoteGlobalIDString = 4C88DFB31D93602000F26F5F;
			remoteInfo = tipped;
		};
		4C88DFD41D93602100F26F5F /* PBXContainerItemProxy */ = {
			isa = PBXContainerItemProxy;
			containerPortal = 4C88DFAC1D93602000F26F5F /* Project object */;
			proxyType = 1;
			remoteGlobalIDString = 4C88DFB31D93602000F26F5F;
			remoteInfo = tipped;
		};
/* End PBXContainerItemProxy section */

/* Begin PBXFileReference section */
		4C88DFB41D93602000F26F5F /* tipped.app */ = {isa = PBXFileReference; explicitFileType = wrapper.application; includeInIndex = 0; path = tipped.app; sourceTree = BUILT_PRODUCTS_DIR; };
		4C88DFB71D93602000F26F5F /* AppDelegate.swift */ = {isa = PBXFileReference; lastKnownFileType = sourcecode.swift; path = AppDelegate.swift; sourceTree = "<group>"; };
		4C88DFB91D93602000F26F5F /* ViewController.swift */ = {isa = PBXFileReference; lastKnownFileType = sourcecode.swift; path = ViewController.swift; sourceTree = "<group>"; };
		4C88DFBC1D93602000F26F5F /* Base */ = {isa = PBXFileReference; lastKnownFileType = file.storyboard; name = Base; path = Base.lproj/Main.storyboard; sourceTree = "<group>"; };
		4C88DFBE1D93602100F26F5F /* Assets.xcassets */ = {isa = PBXFileReference; lastKnownFileType = folder.assetcatalog; path = Assets.xcassets; sourceTree = "<group>"; };
		4C88DFC11D93602100F26F5F /* Base */ = {isa = PBXFileReference; lastKnownFileType = file.storyboard; name = Base; path = Base.lproj/LaunchScreen.storyboard; sourceTree = "<group>"; };
		4C88DFC31D93602100F26F5F /* Info.plist */ = {isa = PBXFileReference; lastKnownFileType = text.plist.xml; path = Info.plist; sourceTree = "<group>"; };
		4C88DFC81D93602100F26F5F /* tippedTests.xctest */ = {isa = PBXFileReference; explicitFileType = wrapper.cfbundle; includeInIndex = 0; path = tippedTests.xctest; sourceTree = BUILT_PRODUCTS_DIR; };
		4C88DFCC1D93602100F26F5F /* tippedTests.swift */ = {isa = PBXFileReference; lastKnownFileType = sourcecode.swift; path = tippedTests.swift; sourceTree = "<group>"; };
		4C88DFCE1D93602100F26F5F /* Info.plist */ = {isa = PBXFileReference; lastKnownFileType = text.plist.xml; path = Info.plist; sourceTree = "<group>"; };
		4C88DFD31D93602100F26F5F /* tippedUITests.xctest */ = {isa = PBXFileReference; explicitFileType = wrapper.cfbundle; includeInIndex = 0; path = tippedUITests.xctest; sourceTree = BUILT_PRODUCTS_DIR; };
		4C88DFD71D93602100F26F5F /* tippedUITests.swift */ = {isa = PBXFileReference; lastKnownFileType = sourcecode.swift; path = tippedUITests.swift; sourceTree = "<group>"; };
		4C88DFD91D93602100F26F5F /* Info.plist */ = {isa = PBXFileReference; lastKnownFileType = text.plist.xml; path = Info.plist; sourceTree = "<group>"; };
		4CBC36251D9DDEB800084A51 /* Icon-60@3x.png */ = {isa = PBXFileReference; lastKnownFileType = image.png; name = "Icon-60@3x.png"; path = "../../../../Desktop/tipped_assets/Assets/App Icon/Icon-60@3x.png"; sourceTree = "<group>"; };
		4CBC36281D9E0FED00084A51 /* SettingsViewController.swift */ = {isa = PBXFileReference; fileEncoding = 4; lastKnownFileType = sourcecode.swift; path = SettingsViewController.swift; sourceTree = "<group>"; };
/* End PBXFileReference section */

/* Begin PBXFrameworksBuildPhase section */
		4C88DFB11D93602000F26F5F /* Frameworks */ = {
			isa = PBXFrameworksBuildPhase;
			buildActionMask = 2147483647;
			files = (
			);
			runOnlyForDeploymentPostprocessing = 0;
		};
		4C88DFC51D93602100F26F5F /* Frameworks */ = {
			isa = PBXFrameworksBuildPhase;
			buildActionMask = 2147483647;
			files = (
			);
			runOnlyForDeploymentPostprocessing = 0;
		};
		4C88DFD01D93602100F26F5F /* Frameworks */ = {
			isa = PBXFrameworksBuildPhase;
			buildActionMask = 2147483647;
			files = (
			);
			runOnlyForDeploymentPostprocessing = 0;
		};
/* End PBXFrameworksBuildPhase section */

/* Begin PBXGroup section */
		4C88DFAB1D93602000F26F5F = {
			isa = PBXGroup;
			children = (
				4C88DFB61D93602000F26F5F /* tipped */,
				4C88DFCB1D93602100F26F5F /* tippedTests */,
				4C88DFD61D93602100F26F5F /* tippedUITests */,
				4C88DFB51D93602000F26F5F /* Products */,
			);
			sourceTree = "<group>";
		};
		4C88DFB51D93602000F26F5F /* Products */ = {
			isa = PBXGroup;
			children = (
				4C88DFB41D93602000F26F5F /* tipped.app */,
				4C88DFC81D93602100F26F5F /* tippedTests.xctest */,
				4C88DFD31D93602100F26F5F /* tippedUITests.xctest */,
			);
			name = Products;
			sourceTree = "<group>";
		};
		4C88DFB61D93602000F26F5F /* tipped */ = {
			isa = PBXGroup;
			children = (
				4C88DFB71D93602000F26F5F /* AppDelegate.swift */,
				4C88DFB91D93602000F26F5F /* ViewController.swift */,
				4C88DFBB1D93602000F26F5F /* Main.storyboard */,
				4CBC36281D9E0FED00084A51 /* SettingsViewController.swift */,
				4C88DFBE1D93602100F26F5F /* Assets.xcassets */,
				4C88DFC01D93602100F26F5F /* LaunchScreen.storyboard */,
				4C88DFC31D93602100F26F5F /* Info.plist */,
				4CBC36271D9DEA3700084A51 /* images */,
			);
			path = tipped;
			sourceTree = "<group>";
		};
		4C88DFCB1D93602100F26F5F /* tippedTests */ = {
			isa = PBXGroup;
			children = (
				4C88DFCC1D93602100F26F5F /* tippedTests.swift */,
				4C88DFCE1D93602100F26F5F /* Info.plist */,
			);
			path = tippedTests;
			sourceTree = "<group>";
		};
		4C88DFD61D93602100F26F5F /* tippedUITests */ = {
			isa = PBXGroup;
			children = (
				4C88DFD71D93602100F26F5F /* tippedUITests.swift */,
				4C88DFD91D93602100F26F5F /* Info.plist */,
			);
			path = tippedUITests;
			sourceTree = "<group>";
		};
		4CBC36271D9DEA3700084A51 /* images */ = {
			isa = PBXGroup;
			children = (
				4CBC36251D9DDEB800084A51 /* Icon-60@3x.png */,
			);
			name = images;
			sourceTree = "<group>";
		};
/* End PBXGroup section */

/* Begin PBXNativeTarget section */
		4C88DFB31D93602000F26F5F /* tipped */ = {
			isa = PBXNativeTarget;
			buildConfigurationList = 4C88DFDC1D93602100F26F5F /* Build configuration list for PBXNativeTarget "tipped" */;
			buildPhases = (
				4C88DFB01D93602000F26F5F /* Sources */,
				4C88DFB11D93602000F26F5F /* Frameworks */,
				4C88DFB21D93602000F26F5F /* Resources */,
			);
			buildRules = (
			);
			dependencies = (
			);
			name = tipped;
			productName = tipped;
			productReference = 4C88DFB41D93602000F26F5F /* tipped.app */;
			productType = "com.apple.product-type.application";
		};
		4C88DFC71D93602100F26F5F /* tippedTests */ = {
			isa = PBXNativeTarget;
			buildConfigurationList = 4C88DFDF1D93602100F26F5F /* Build configuration list for PBXNativeTarget "tippedTests" */;
			buildPhases = (
				4C88DFC41D93602100F26F5F /* Sources */,
				4C88DFC51D93602100F26F5F /* Frameworks */,
				4C88DFC61D93602100F26F5F /* Resources */,
			);
			buildRules = (
			);
			dependencies = (
				4C88DFCA1D93602100F26F5F /* PBXTargetDependency */,
			);
			name = tippedTests;
			productName = tippedTests;
			productReference = 4C88DFC81D93602100F26F5F /* tippedTests.xctest */;
			productType = "com.apple.product-type.bundle.unit-test";
		};
		4C88DFD21D93602100F26F5F /* tippedUITests */ = {
			isa = PBXNativeTarget;
			buildConfigurationList = 4C88DFE21D93602100F26F5F /* Build configuration list for PBXNativeTarget "tippedUITests" */;
			buildPhases = (
				4C88DFCF1D93602100F26F5F /* Sources */,
				4C88DFD01D93602100F26F5F /* Frameworks */,
				4C88DFD11D93602100F26F5F /* Resources */,
			);
			buildRules = (
			);
			dependencies = (
				4C88DFD51D93602100F26F5F /* PBXTargetDependency */,
			);
			name = tippedUITests;
			productName = tippedUITests;
			productReference = 4C88DFD31D93602100F26F5F /* tippedUITests.xctest */;
			productType = "com.apple.product-type.bundle.ui-testing";
		};
/* End PBXNativeTarget section */

/* Begin PBXProject section */
		4C88DFAC1D93602000F26F5F /* Project object */ = {
			isa = PBXProject;
			attributes = {
				LastSwiftUpdateCheck = 0800;
				LastUpgradeCheck = 0800;
				ORGANIZATIONNAME = "Michael Volovar";
				TargetAttributes = {
					4C88DFB31D93602000F26F5F = {
						CreatedOnToolsVersion = 8.0;
						ProvisioningStyle = Automatic;
					};
					4C88DFC71D93602100F26F5F = {
						CreatedOnToolsVersion = 8.0;
						ProvisioningStyle = Automatic;
						TestTargetID = 4C88DFB31D93602000F26F5F;
					};
					4C88DFD21D93602100F26F5F = {
						CreatedOnToolsVersion = 8.0;
						ProvisioningStyle = Automatic;
						TestTargetID = 4C88DFB31D93602000F26F5F;
					};
				};
			};
			buildConfigurationList = 4C88DFAF1D93602000F26F5F /* Build configuration list for PBXProject "tipped" */;
			compatibilityVersion = "Xcode 3.2";
			developmentRegion = English;
			hasScannedForEncodings = 0;
			knownRegions = (
				en,
				Base,
			);
			mainGroup = 4C88DFAB1D93602000F26F5F;
			productRefGroup = 4C88DFB51D93602000F26F5F /* Products */;
			projectDirPath = "";
			projectRoot = "";
			targets = (
				4C88DFB31D93602000F26F5F /* tipped */,
				4C88DFC71D93602100F26F5F /* tippedTests */,
				4C88DFD21D93602100F26F5F /* tippedUITests */,
			);
		};
/* End PBXProject section */

/* Begin PBXResourcesBuildPhase section */
		4C88DFB21D93602000F26F5F /* Resources */ = {
			isa = PBXResourcesBuildPhase;
			buildActionMask = 2147483647;
			files = (
				4CBC36261D9DDEB800084A51 /* Icon-60@3x.png in Resources */,
				4C88DFC21D93602100F26F5F /* LaunchScreen.storyboard in Resources */,
				4C88DFBF1D93602100F26F5F /* Assets.xcassets in Resources */,
				4C88DFBD1D93602000F26F5F /* Main.storyboard in Resources */,
			);
			runOnlyForDeploymentPostprocessing = 0;
		};
		4C88DFC61D93602100F26F5F /* Resources */ = {
			isa = PBXResourcesBuildPhase;
			buildActionMask = 2147483647;
			files = (
			);
			runOnlyForDeploymentPostprocessing = 0;
		};
		4C88DFD11D93602100F26F5F /* Resources */ = {
			isa = PBXResourcesBuildPhase;
			buildActionMask = 2147483647;
			files = (
			);
			runOnlyForDeploymentPostprocessing = 0;
		};
/* End PBXResourcesBuildPhase section */

/* Begin PBXSourcesBuildPhase section */
		4C88DFB01D93602000F26F5F /* Sources */ = {
			isa = PBXSourcesBuildPhase;
			buildActionMask = 2147483647;
			files = (
				4C88DFBA1D93602000F26F5F /* ViewController.swift in Sources */,
				4C88DFB81D93602000F26F5F /* AppDelegate.swift in Sources */,
				4CBC36291D9E0FED00084A51 /* SettingsViewController.swift in Sources */,
			);
			runOnlyForDeploymentPostprocessing = 0;
		};
		4C88DFC41D93602100F26F5F /* Sources */ = {
			isa = PBXSourcesBuildPhase;
			buildActionMask = 2147483647;
			files = (
				4C88DFCD1D93602100F26F5F /* tippedTests.swift in Sources */,
			);
			runOnlyForDeploymentPostprocessing = 0;
		};
		4C88DFCF1D93602100F26F5F /* Sources */ = {
			isa = PBXSourcesBuildPhase;
			buildActionMask = 2147483647;
			files = (
				4C88DFD81D93602100F26F5F /* tippedUITests.swift in Sources */,
			);
			runOnlyForDeploymentPostprocessing = 0;
		};
/* End PBXSourcesBuildPhase section */

/* Begin PBXTargetDependency section */
		4C88DFCA1D93602100F26F5F /* PBXTargetDependency */ = {
			isa = PBXTargetDependency;
			target = 4C88DFB31D93602000F26F5F /* tipped */;
			targetProxy = 4C88DFC91D93602100F26F5F /* PBXContainerItemProxy */;
		};
		4C88DFD51D93602100F26F5F /* PBXTargetDependency */ = {
			isa = PBXTargetDependency;
			target = 4C88DFB31D93602000F26F5F /* tipped */;
			targetProxy = 4C88DFD41D93602100F26F5F /* PBXContainerItemProxy */;
		};
/* End PBXTargetDependency section */

/* Begin PBXVariantGroup section */
		4C88DFBB1D93602000F26F5F /* Main.storyboard */ = {
			isa = PBXVariantGroup;
			children = (
				4C88DFBC1D93602000F26F5F /* Base */,
			);
			name = Main.storyboard;
			sourceTree = "<group>";
		};
		4C88DFC01D93602100F26F5F /* LaunchScreen.storyboard */ = {
			isa = PBXVariantGroup;
			children = (
				4C88DFC11D93602100F26F5F /* Base */,
			);
			name = LaunchScreen.storyboard;
			sourceTree = "<group>";
		};
/* End PBXVariantGroup section */

/* Begin XCBuildConfiguration section */
		4C88DFDA1D93602100F26F5F /* Debug */ = {
			isa = XCBuildConfiguration;
			buildSettings = {
				ALWAYS_SEARCH_USER_PATHS = NO;
				CLANG_ANALYZER_NONNULL = YES;
				CLANG_CXX_LANGUAGE_STANDARD = "gnu++0x";
				CLANG_CXX_LIBRARY = "libc++";
				CLANG_ENABLE_MODULES = YES;
				CLANG_ENABLE_OBJC_ARC = YES;
				CLANG_WARN_BOOL_CONVERSION = YES;
				CLANG_WARN_CONSTANT_CONVERSION = YES;
				CLANG_WARN_DIRECT_OBJC_ISA_USAGE = YES_ERROR;
				CLANG_WARN_DOCUMENTATION_COMMENTS = YES;
				CLANG_WARN_EMPTY_BODY = YES;
				CLANG_WARN_ENUM_CONVERSION = YES;
				CLANG_WARN_INFINITE_RECURSION = YES;
				CLANG_WARN_INT_CONVERSION = YES;
				CLANG_WARN_OBJC_ROOT_CLASS = YES_ERROR;
				CLANG_WARN_SUSPICIOUS_MOVES = YES;
				CLANG_WARN_UNREACHABLE_CODE = YES;
				CLANG_WARN__DUPLICATE_METHOD_MATCH = YES;
				"CODE_SIGN_IDENTITY[sdk=iphoneos*]" = "iPhone Developer";
				COPY_PHASE_STRIP = NO;
				DEBUG_INFORMATION_FORMAT = dwarf;
				ENABLE_STRICT_OBJC_MSGSEND = YES;
				ENABLE_TESTABILITY = YES;
				GCC_C_LANGUAGE_STANDARD = gnu99;
				GCC_DYNAMIC_NO_PIC = NO;
				GCC_NO_COMMON_BLOCKS = YES;
				GCC_OPTIMIZATION_LEVEL = 0;
				GCC_PREPROCESSOR_DEFINITIONS = (
					"DEBUG=1",
					"$(inherited)",
				);
				GCC_WARN_64_TO_32_BIT_CONVERSION = YES;
				GCC_WARN_ABOUT_RETURN_TYPE = YES_ERROR;
				GCC_WARN_UNDECLARED_SELECTOR = YES;
				GCC_WARN_UNINITIALIZED_AUTOS = YES_AGGRESSIVE;
				GCC_WARN_UNUSED_FUNCTION = YES;
				GCC_WARN_UNUSED_VARIABLE = YES;
				IPHONEOS_DEPLOYMENT_TARGET = 10.0;
				MTL_ENABLE_DEBUG_INFO = YES;
				ONLY_ACTIVE_ARCH = YES;
				SDKROOT = iphoneos;
				SWIFT_ACTIVE_COMPILATION_CONDITIONS = DEBUG;
				SWIFT_OPTIMIZATION_LEVEL = "-Onone";
			};
			name = Debug;
		};
		4C88DFDB1D93602100F26F5F /* Release */ = {
			isa = XCBuildConfiguration;
			buildSettings = {
				ALWAYS_SEARCH_USER_PATHS = NO;
				CLANG_ANALYZER_NONNULL = YES;
				CLANG_CXX_LANGUAGE_STANDARD = "gnu++0x";
				CLANG_CXX_LIBRARY = "libc++";
				CLANG_ENABLE_MODULES = YES;
				CLANG_ENABLE_OBJC_ARC = YES;
				CLANG_WARN_BOOL_CONVERSION = YES;
				CLANG_WARN_CONSTANT_CONVERSION = YES;
				CLANG_WARN_DIRECT_OBJC_ISA_USAGE = YES_ERROR;
				CLANG_WARN_DOCUMENTATION_COMMENTS = YES;
				CLANG_WARN_EMPTY_BODY = YES;
				CLANG_WARN_ENUM_CONVERSION = YES;
				CLANG_WARN_INFINITE_RECURSION = YES;
				CLANG_WARN_INT_CONVERSION = YES;
				CLANG_WARN_OBJC_ROOT_CLASS = YES_ERROR;
				CLANG_WARN_SUSPICIOUS_MOVES = YES;
				CLANG_WARN_UNREACHABLE_CODE = YES;
				CLANG_WARN__DUPLICATE_METHOD_MATCH = YES;
				"CODE_SIGN_IDENTITY[sdk=iphoneos*]" = "iPhone Developer";
				COPY_PHASE_STRIP = NO;
				DEBUG_INFORMATION_FORMAT = "dwarf-with-dsym";
				ENABLE_NS_ASSERTIONS = NO;
				ENABLE_STRICT_OBJC_MSGSEND = YES;
				GCC_C_LANGUAGE_STANDARD = gnu99;
				GCC_NO_COMMON_BLOCKS = YES;
				GCC_WARN_64_TO_32_BIT_CONVERSION = YES;
				GCC_WARN_ABOUT_RETURN_TYPE = YES_ERROR;
				GCC_WARN_UNDECLARED_SELECTOR = YES;
				GCC_WARN_UNINITIALIZED_AUTOS = YES_AGGRESSIVE;
				GCC_WARN_UNUSED_FUNCTION = YES;
				GCC_WARN_UNUSED_VARIABLE = YES;
				IPHONEOS_DEPLOYMENT_TARGET = 10.0;
				MTL_ENABLE_DEBUG_INFO = NO;
				SDKROOT = iphoneos;
				SWIFT_OPTIMIZATION_LEVEL = "-Owholemodule";
				VALIDATE_PRODUCT = YES;
			};
			name = Release;
		};
		4C88DFDD1D93602100F26F5F /* Debug */ = {
			isa = XCBuildConfiguration;
			buildSettings = {
				ASSETCATALOG_COMPILER_APPICON_NAME = AppIcon;
				INFOPLIST_FILE = tipped/Info.plist;
				LD_RUNPATH_SEARCH_PATHS = "$(inherited) @executable_path/Frameworks";
				PRODUCT_BUNDLE_IDENTIFIER = com.volovar.tipped;
				PRODUCT_NAME = "$(TARGET_NAME)";
				SWIFT_VERSION = 3.0;
			};
			name = Debug;
		};
		4C88DFDE1D93602100F26F5F /* Release */ = {
			isa = XCBuildConfiguration;
			buildSettings = {
				ASSETCATALOG_COMPILER_APPICON_NAME = AppIcon;
				INFOPLIST_FILE = tipped/Info.plist;
				LD_RUNPATH_SEARCH_PATHS = "$(inherited) @executable_path/Frameworks";
				PRODUCT_BUNDLE_IDENTIFIER = com.volovar.tipped;
				PRODUCT_NAME = "$(TARGET_NAME)";
				SWIFT_VERSION = 3.0;
			};
			name = Release;
		};
		4C88DFE01D93602100F26F5F /* Debug */ = {
			isa = XCBuildConfiguration;
			buildSettings = {
				ALWAYS_EMBED_SWIFT_STANDARD_LIBRARIES = YES;
				BUNDLE_LOADER = "$(TEST_HOST)";
				INFOPLIST_FILE = tippedTests/Info.plist;
				LD_RUNPATH_SEARCH_PATHS = "$(inherited) @executable_path/Frameworks @loader_path/Frameworks";
				PRODUCT_BUNDLE_IDENTIFIER = volovar.tippedTests;
				PRODUCT_NAME = "$(TARGET_NAME)";
				SWIFT_VERSION = 3.0;
				TEST_HOST = "$(BUILT_PRODUCTS_DIR)/tipped.app/tipped";
			};
			name = Debug;
		};
		4C88DFE11D93602100F26F5F /* Release */ = {
			isa = XCBuildConfiguration;
			buildSettings = {
				ALWAYS_EMBED_SWIFT_STANDARD_LIBRARIES = YES;
				BUNDLE_LOADER = "$(TEST_HOST)";
				INFOPLIST_FILE = tippedTests/Info.plist;
				LD_RUNPATH_SEARCH_PATHS = "$(inherited) @executable_path/Frameworks @loader_path/Frameworks";
				PRODUCT_BUNDLE_IDENTIFIER = volovar.tippedTests;
				PRODUCT_NAME = "$(TARGET_NAME)";
				SWIFT_VERSION = 3.0;
				TEST_HOST = "$(BUILT_PRODUCTS_DIR)/tipped.app/tipped";
			};
			name = Release;
		};
		4C88DFE31D93602100F26F5F /* Debug */ = {
			isa = XCBuildConfiguration;
			buildSettings = {
				ALWAYS_EMBED_SWIFT_STANDARD_LIBRARIES = YES;
				INFOPLIST_FILE = tippedUITests/Info.plist;
				LD_RUNPATH_SEARCH_PATHS = "$(inherited) @executable_path/Frameworks @loader_path/Frameworks";
				PRODUCT_BUNDLE_IDENTIFIER = volovar.tippedUITests;
				PRODUCT_NAME = "$(TARGET_NAME)";
				SWIFT_VERSION = 3.0;
				TEST_TARGET_NAME = tipped;
			};
			name = Debug;
		};
		4C88DFE41D93602100F26F5F /* Release */ = {
			isa = XCBuildConfiguration;
			buildSettings = {
				ALWAYS_EMBED_SWIFT_STANDARD_LIBRARIES = YES;
				INFOPLIST_FILE = tippedUITests/Info.plist;
				LD_RUNPATH_SEARCH_PATHS = "$(inherited) @executable_path/Frameworks @loader_path/Frameworks";
				PRODUCT_BUNDLE_IDENTIFIER = volovar.tippedUITests;
				PRODUCT_NAME = "$(TARGET_NAME)";
				SWIFT_VERSION = 3.0;
				TEST_TARGET_NAME = tipped;
			};
			name = Release;
		};
/* End XCBuildConfiguration section */

/* Begin XCConfigurationList section */
		4C88DFAF1D93602000F26F5F /* Build configuration list for PBXProject "tipped" */ = {
			isa = XCConfigurationList;
			buildConfigurations = (
				4C88DFDA1D93602100F26F5F /* Debug */,
				4C88DFDB1D93602100F26F5F /* Release */,
			);
			defaultConfigurationIsVisible = 0;
			defaultConfigurationName = Release;
		};
		4C88DFDC1D93602100F26F5F /* Build configuration list for PBXNativeTarget "tipped" */ = {
			isa = XCConfigurationList;
			buildConfigurations = (
				4C88DFDD1D93602100F26F5F /* Debug */,
				4C88DFDE1D93602100F26F5F /* Release */,
			);
			defaultConfigurationIsVisible = 0;
			defaultConfigurationName = Release;
		};
		4C88DFDF1D93602100F26F5F /* Build configuration list for PBXNativeTarget "tippedTests" */ = {
			isa = XCConfigurationList;
			buildConfigurations = (
				4C88DFE01D93602100F26F5F /* Debug */,
				4C88DFE11D93602100F26F5F /* Release */,
			);
			defaultConfigurationIsVisible = 0;
			defaultConfigurationName = Release;
		};
		4C88DFE21D93602100F26F5F /* Build configuration list for PBXNativeTarget "tippedUITests" */ = {
			isa = XCConfigurationList;
			buildConfigurations = (
				4C88DFE31D93602100F26F5F /* Debug */,
				4C88DFE41D93602100F26F5F /* Release */,
			);
			defaultConfigurationIsVisible = 0;
			defaultConfigurationName = Release;
		};
/* End XCConfigurationList section */
	};
	rootObject = 4C88DFAC1D93602000F26F5F /* Project object */;
}
